
Microsoft Visual Studio Solution File, Format Version 12.00
# Visual Studio Version 17
VisualStudioVersion = 17.1.32328.378
MinimumVisualStudioVersion = 10.0.40219.1
Project("{9A19103F-16F7-4668-BE54-9A1E7A4F7556}") = "Cards.WebAPI", "Cards\Cards.WebAPI.csproj", "{18A59A5C-F100-4641-9F3D-00B6F9CF6EA3}"
EndProject
Project("{9A19103F-16F7-4668-BE54-9A1E7A4F7556}") = "Cards.Domain", "CardDomain\Cards.Domain.csproj", "{AB56440C-5ADD-498B-9A9F-9415D3863341}"
EndProject
Project("{9A19103F-16F7-4668-BE54-9A1E7A4F7556}") = "Cards.Application", "CardsApplication\Cards.Application.csproj", "{325FD01E-C3BF-47B6-9A81-4C89F5853366}"
EndProject
Project("{FAE04EC0-301F-11D3-BF4B-00C04F79EFBC}") = "CardsWPF", "CardsWPF\CardsWPF.csproj", "{094BCD07-170B-4564-85E9-993376852E82}"
EndProject
Global
	GlobalSection(SolutionConfigurationPlatforms) = preSolution
		Debug|Any CPU = Debug|Any CPU
		Release|Any CPU = Release|Any CPU
	EndGlobalSection
	GlobalSection(ProjectConfigurationPlatforms) = postSolution
		{18A59A5C-F100-4641-9F3D-00B6F9CF6EA3}.Debug|Any CPU.ActiveCfg = Debug|Any CPU
		{18A59A5C-F100-4641-9F3D-00B6F9CF6EA3}.Debug|Any CPU.Build.0 = Debug|Any CPU
		{18A59A5C-F100-4641-9F3D-00B6F9CF6EA3}.Release|Any CPU.ActiveCfg = Release|Any CPU
		{18A59A5C-F100-4641-9F3D-00B6F9CF6EA3}.Release|Any CPU.Build.0 = Release|Any CPU
		{AB56440C-5ADD-498B-9A9F-9415D3863341}.Debug|Any CPU.ActiveCfg = Debug|Any CPU
		{AB56440C-5ADD-498B-9A9F-9415D3863341}.Debug|Any CPU.Build.0 = Debug|Any CPU
		{AB56440C-5ADD-498B-9A9F-9415D3863341}.Release|Any CPU.ActiveCfg = Release|Any CPU
		{AB56440C-5ADD-498B-9A9F-9415D3863341}.Release|Any CPU.Build.0 = Release|Any CPU
		{325FD01E-C3BF-47B6-9A81-4C89F5853366}.Debug|Any CPU.ActiveCfg = Debug|Any CPU
		{325FD01E-C3BF-47B6-9A81-4C89F5853366}.Debug|Any CPU.Build.0 = Debug|Any CPU
		{325FD01E-C3BF-47B6-9A81-4C89F5853366}.Release|Any CPU.ActiveCfg = Release|Any CPU
		{325FD01E-C3BF-47B6-9A81-4C89F5853366}.Release|Any CPU.Build.0 = Release|Any CPU
		{094BCD07-170B-4564-85E9-993376852E82}.Debug|Any CPU.ActiveCfg = Debug|Any CPU
		{094BCD07-170B-4564-85E9-993376852E82}.Debug|Any CPU.Build.0 = Debug|Any CPU
		{094BCD07-170B-4564-85E9-993376852E82}.Release|Any CPU.ActiveCfg = Release|Any CPU
		{094BCD07-170B-4564-85E9-993376852E82}.Release|Any CPU.Build.0 = Release|Any CPU
	EndGlobalSection
	GlobalSection(SolutionProperties) = preSolution
		HideSolutionNode = FALSE
	EndGlobalSection
	GlobalSection(ExtensibilityGlobals) = postSolution
		SolutionGuid = {BC7B9583-64F7-44DF-BEC1-69F36DDBDE99}
	EndGlobalSection
EndGlobal
